
Microsoft Visual Studio Solution File, Format Version 12.00
# Visual Studio Version 17
VisualStudioVersion = 17.3.32929.385
MinimumVisualStudioVersion = 10.0.40219.1
Project("{FAE04EC0-301F-11D3-BF4B-00C04F79EFBC}") = "MySuperBank", "MySuperBank\MySuperBank.csproj", "{83BEA03E-C002-4F2B-8FBF-A2F0FD913AD3}"
EndProject
Global
	GlobalSection(SolutionConfigurationPlatforms) = preSolution
		Debug|Any CPU = Debug|Any CPU
		Release|Any CPU = Release|Any CPU
	EndGlobalSection
	GlobalSection(ProjectConfigurationPlatforms) = postSolution
		{83BEA03E-C002-4F2B-8FBF-A2F0FD913AD3}.Debug|Any CPU.ActiveCfg = Debug|Any CPU
		{83BEA03E-C002-4F2B-8FBF-A2F0FD913AD3}.Debug|Any CPU.Build.0 = Debug|Any CPU
		{83BEA03E-C002-4F2B-8FBF-A2F0FD913AD3}.Release|Any CPU.ActiveCfg = Release|Any CPU
		{83BEA03E-C002-4F2B-8FBF-A2F0FD913AD3}.Release|Any CPU.Build.0 = Release|Any CPU
	EndGlobalSection
	GlobalSection(SolutionProperties) = preSolution
		HideSolutionNode = FALSE
	EndGlobalSection
	GlobalSection(ExtensibilityGlobals) = postSolution
		SolutionGuid = {7D95B683-6B85-4BB9-BDB4-3C509A554AE3}
	EndGlobalSection
EndGlobal
